// !$*UTF8*$!
{
	archiveVersion = 1;
	classes = {
	};
	objectVersion = 56;
	objects = {

/* Begin PBXBuildFile section */
		181BC5632A85DE4A005703B0 /* ProductListingView.swift in Sources */ = {isa = PBXBuildFile; fileRef = 181BC5622A85DE4A005703B0 /* ProductListingView.swift */; };
		181BC5642A85DE4A005703B0 /* ProductListingView.swift in Sources */ = {isa = PBXBuildFile; fileRef = 181BC5622A85DE4A005703B0 /* ProductListingView.swift */; };
		181BC5652A85DE4A005703B0 /* ProductListingView.swift in Sources */ = {isa = PBXBuildFile; fileRef = 181BC5622A85DE4A005703B0 /* ProductListingView.swift */; };
		181BC5672A85E0C3005703B0 /* ProductDetailView.swift in Sources */ = {isa = PBXBuildFile; fileRef = 181BC5662A85E0C3005703B0 /* ProductDetailView.swift */; };
		181BC5682A85E0C3005703B0 /* ProductDetailView.swift in Sources */ = {isa = PBXBuildFile; fileRef = 181BC5662A85E0C3005703B0 /* ProductDetailView.swift */; };
		181BC5692A85E0C3005703B0 /* ProductDetailView.swift in Sources */ = {isa = PBXBuildFile; fileRef = 181BC5662A85E0C3005703B0 /* ProductDetailView.swift */; };
		181BC56F2A85F862005703B0 /* CheckoutView.swift in Sources */ = {isa = PBXBuildFile; fileRef = 181BC56E2A85F862005703B0 /* CheckoutView.swift */; };
		181BC5702A85F862005703B0 /* CheckoutView.swift in Sources */ = {isa = PBXBuildFile; fileRef = 181BC56E2A85F862005703B0 /* CheckoutView.swift */; };
		181BC5712A85F862005703B0 /* CheckoutView.swift in Sources */ = {isa = PBXBuildFile; fileRef = 181BC56E2A85F862005703B0 /* CheckoutView.swift */; };
		183C1C822B190A0A003C345C /* ProductViewModel.swift in Sources */ = {isa = PBXBuildFile; fileRef = 183C1C812B190A0A003C345C /* ProductViewModel.swift */; };
		18435FFB2A82B73B00116117 /* Assets.xcassets in Resources */ = {isa = PBXBuildFile; fileRef = 18435FFA2A82B73B00116117 /* Assets.xcassets */; };
		18435FFE2A82B73B00116117 /* Preview Assets.xcassets in Resources */ = {isa = PBXBuildFile; fileRef = 18435FFD2A82B73B00116117 /* Preview Assets.xcassets */; };
		184360002A82B73B00116117 /* Persistence.swift in Sources */ = {isa = PBXBuildFile; fileRef = 18435FFF2A82B73B00116117 /* Persistence.swift */; };
		184360032A82B73B00116117 /* Home_Remodel.xcdatamodeld in Sources */ = {isa = PBXBuildFile; fileRef = 184360012A82B73B00116117 /* Home_Remodel.xcdatamodeld */; };
		1843600D2A82B73B00116117 /* Home_RemodelTests.swift in Sources */ = {isa = PBXBuildFile; fileRef = 1843600C2A82B73B00116117 /* Home_RemodelTests.swift */; };
		184360172A82B73B00116117 /* Home_RemodelUITests.swift in Sources */ = {isa = PBXBuildFile; fileRef = 184360162A82B73B00116117 /* Home_RemodelUITests.swift */; };
		184360192A82B73B00116117 /* Home_RemodelUITestsLaunchTests.swift in Sources */ = {isa = PBXBuildFile; fileRef = 184360182A82B73B00116117 /* Home_RemodelUITestsLaunchTests.swift */; };
		1843602F2A82BA4D00116117 /* HomeRemodelApp.swift in Sources */ = {isa = PBXBuildFile; fileRef = 1843602E2A82BA4D00116117 /* HomeRemodelApp.swift */; };
		184360302A82BA4D00116117 /* HomeRemodelApp.swift in Sources */ = {isa = PBXBuildFile; fileRef = 1843602E2A82BA4D00116117 /* HomeRemodelApp.swift */; };
		184360312A82BA4D00116117 /* HomeRemodelApp.swift in Sources */ = {isa = PBXBuildFile; fileRef = 1843602E2A82BA4D00116117 /* HomeRemodelApp.swift */; };
		184360332A82BAC500116117 /* InputView.swift in Sources */ = {isa = PBXBuildFile; fileRef = 184360322A82BAC500116117 /* InputView.swift */; };
		184360342A82BAC500116117 /* InputView.swift in Sources */ = {isa = PBXBuildFile; fileRef = 184360322A82BAC500116117 /* InputView.swift */; };
		184360352A82BAC500116117 /* InputView.swift in Sources */ = {isa = PBXBuildFile; fileRef = 184360322A82BAC500116117 /* InputView.swift */; };
		184360372A82BACD00116117 /* SettingsRowView.swift in Sources */ = {isa = PBXBuildFile; fileRef = 184360362A82BACD00116117 /* SettingsRowView.swift */; };
		184360382A82BACD00116117 /* SettingsRowView.swift in Sources */ = {isa = PBXBuildFile; fileRef = 184360362A82BACD00116117 /* SettingsRowView.swift */; };
		184360392A82BACD00116117 /* SettingsRowView.swift in Sources */ = {isa = PBXBuildFile; fileRef = 184360362A82BACD00116117 /* SettingsRowView.swift */; };
		1843603B2A82BAE300116117 /* LoginView.swift in Sources */ = {isa = PBXBuildFile; fileRef = 1843603A2A82BAE300116117 /* LoginView.swift */; };
		1843603C2A82BAE300116117 /* LoginView.swift in Sources */ = {isa = PBXBuildFile; fileRef = 1843603A2A82BAE300116117 /* LoginView.swift */; };
		1843603D2A82BAE300116117 /* LoginView.swift in Sources */ = {isa = PBXBuildFile; fileRef = 1843603A2A82BAE300116117 /* LoginView.swift */; };
		1843603F2A82BAE800116117 /* RegistrationView.swift in Sources */ = {isa = PBXBuildFile; fileRef = 1843603E2A82BAE800116117 /* RegistrationView.swift */; };
		184360402A82BAE800116117 /* RegistrationView.swift in Sources */ = {isa = PBXBuildFile; fileRef = 1843603E2A82BAE800116117 /* RegistrationView.swift */; };
		184360412A82BAE800116117 /* RegistrationView.swift in Sources */ = {isa = PBXBuildFile; fileRef = 1843603E2A82BAE800116117 /* RegistrationView.swift */; };
		184360432A82BAEF00116117 /* ProfileView.swift in Sources */ = {isa = PBXBuildFile; fileRef = 184360422A82BAEF00116117 /* ProfileView.swift */; };
		184360442A82BAEF00116117 /* ProfileView.swift in Sources */ = {isa = PBXBuildFile; fileRef = 184360422A82BAEF00116117 /* ProfileView.swift */; };
		184360452A82BAEF00116117 /* ProfileView.swift in Sources */ = {isa = PBXBuildFile; fileRef = 184360422A82BAEF00116117 /* ProfileView.swift */; };
		184360472A82BAF700116117 /* ContentView.swift in Sources */ = {isa = PBXBuildFile; fileRef = 184360462A82BAF700116117 /* ContentView.swift */; };
		184360482A82BAF700116117 /* ContentView.swift in Sources */ = {isa = PBXBuildFile; fileRef = 184360462A82BAF700116117 /* ContentView.swift */; };
		184360492A82BAF700116117 /* ContentView.swift in Sources */ = {isa = PBXBuildFile; fileRef = 184360462A82BAF700116117 /* ContentView.swift */; };
		1843604B2A82BAFE00116117 /* User.swift in Sources */ = {isa = PBXBuildFile; fileRef = 1843604A2A82BAFE00116117 /* User.swift */; };
		1843604C2A82BAFE00116117 /* User.swift in Sources */ = {isa = PBXBuildFile; fileRef = 1843604A2A82BAFE00116117 /* User.swift */; };
		1843604D2A82BAFE00116117 /* User.swift in Sources */ = {isa = PBXBuildFile; fileRef = 1843604A2A82BAFE00116117 /* User.swift */; };
		184360502A82BC2B00116117 /* PlayfairDisplay-Regular.ttf in Resources */ = {isa = PBXBuildFile; fileRef = 1843604E2A82BC2B00116117 /* PlayfairDisplay-Regular.ttf */; };
		184360512A82BC2B00116117 /* PlayfairDisplay-Bold.ttf in Resources */ = {isa = PBXBuildFile; fileRef = 1843604F2A82BC2B00116117 /* PlayfairDisplay-Bold.ttf */; };
		184360532A82CE4400116117 /* GoogleService-Info.plist in Resources */ = {isa = PBXBuildFile; fileRef = 184360522A82CE4400116117 /* GoogleService-Info.plist */; };
		184360542A82CE4400116117 /* GoogleService-Info.plist in Resources */ = {isa = PBXBuildFile; fileRef = 184360522A82CE4400116117 /* GoogleService-Info.plist */; };
		184360552A82CE4400116117 /* GoogleService-Info.plist in Resources */ = {isa = PBXBuildFile; fileRef = 184360522A82CE4400116117 /* GoogleService-Info.plist */; };
		184360582A82D0B700116117 /* FirebaseAppCheck in Frameworks */ = {isa = PBXBuildFile; productRef = 184360572A82D0B700116117 /* FirebaseAppCheck */; };
		1843605A2A82D0B700116117 /* FirebaseAuth in Frameworks */ = {isa = PBXBuildFile; productRef = 184360592A82D0B700116117 /* FirebaseAuth */; };
		1843605C2A82D0B700116117 /* FirebaseFirestore in Frameworks */ = {isa = PBXBuildFile; productRef = 1843605B2A82D0B700116117 /* FirebaseFirestore */; };
		1843605E2A82D0B700116117 /* FirebaseFirestoreSwift in Frameworks */ = {isa = PBXBuildFile; productRef = 1843605D2A82D0B700116117 /* FirebaseFirestoreSwift */; };
		184360602A82D0B700116117 /* FirebaseStorage in Frameworks */ = {isa = PBXBuildFile; productRef = 1843605F2A82D0B700116117 /* FirebaseStorage */; };
		187A80DB2B18D7FC00EA8E75 /* Product.swift in Sources */ = {isa = PBXBuildFile; fileRef = 187A80DA2B18D7FC00EA8E75 /* Product.swift */; };
		187A80E02B18DA5400EA8E75 /* FavoritesView.swift in Sources */ = {isa = PBXBuildFile; fileRef = 187A80DF2B18DA5400EA8E75 /* FavoritesView.swift */; };
		18AE0A1D2A83606E004DA0D2 /* HomeScreenView.swift in Sources */ = {isa = PBXBuildFile; fileRef = 18AE0A1C2A83606E004DA0D2 /* HomeScreenView.swift */; };
		18AE0A1E2A83606E004DA0D2 /* HomeScreenView.swift in Sources */ = {isa = PBXBuildFile; fileRef = 18AE0A1C2A83606E004DA0D2 /* HomeScreenView.swift */; };
		18AE0A1F2A83606E004DA0D2 /* HomeScreenView.swift in Sources */ = {isa = PBXBuildFile; fileRef = 18AE0A1C2A83606E004DA0D2 /* HomeScreenView.swift */; };
		18BE31A52B18A4CC00F6CB07 /* CountryPicker in Frameworks */ = {isa = PBXBuildFile; productRef = 18BE31A42B18A4CC00F6CB07 /* CountryPicker */; };
		18BE31B52B18B9C100F6CB07 /* BottomNavBar.swift in Sources */ = {isa = PBXBuildFile; fileRef = 18BE31B42B18B9C100F6CB07 /* BottomNavBar.swift */; };
		18EC50942A82D3A4008BDEC9 /* AuthViewModel.swift in Sources */ = {isa = PBXBuildFile; fileRef = 18EC50932A82D3A4008BDEC9 /* AuthViewModel.swift */; };
		18EC50952A82D3A4008BDEC9 /* AuthViewModel.swift in Sources */ = {isa = PBXBuildFile; fileRef = 18EC50932A82D3A4008BDEC9 /* AuthViewModel.swift */; };
		18EC50962A82D3A4008BDEC9 /* AuthViewModel.swift in Sources */ = {isa = PBXBuildFile; fileRef = 18EC50932A82D3A4008BDEC9 /* AuthViewModel.swift */; };
		EC0821552B197E4C0056CE85 /* QuoteView.swift in Sources */ = {isa = PBXBuildFile; fileRef = EC0821542B197E4C0056CE85 /* QuoteView.swift */; };
		EC2817C62B1960E6003F16E7 /* Launch Screen.storyboard in Resources */ = {isa = PBXBuildFile; fileRef = EC2817C52B1960E5003F16E7 /* Launch Screen.storyboard */; };
		EC2817D62B196860003F16E7 /* New Group in Resources */ = {isa = PBXBuildFile; fileRef = EC2817D52B196860003F16E7 /* New Group */; };
		EC2817D82B196F3E003F16E7 /* WelcomeView.swift in Sources */ = {isa = PBXBuildFile; fileRef = EC2817D72B196F3D003F16E7 /* WelcomeView.swift */; };
		EC2817DA2B196F88003F16E7 /* RoundButton.swift in Sources */ = {isa = PBXBuildFile; fileRef = EC2817D92B196F88003F16E7 /* RoundButton.swift */; };
		EC2817DE2B1972CC003F16E7 /* UIExtension.swift in Sources */ = {isa = PBXBuildFile; fileRef = EC2817DD2B1972CC003F16E7 /* UIExtension.swift */; };
/* End PBXBuildFile section */

/* Begin PBXContainerItemProxy section */
		184360092A82B73B00116117 /* PBXContainerItemProxy */ = {
			isa = PBXContainerItemProxy;
			containerPortal = 18435FEB2A82B73900116117 /* Project object */;
			proxyType = 1;
			remoteGlobalIDString = 18435FF22A82B73900116117;
			remoteInfo = "Home-Remodel";
		};
		184360132A82B73B00116117 /* PBXContainerItemProxy */ = {
			isa = PBXContainerItemProxy;
			containerPortal = 18435FEB2A82B73900116117 /* Project object */;
			proxyType = 1;
			remoteGlobalIDString = 18435FF22A82B73900116117;
			remoteInfo = "Home-Remodel";
		};
/* End PBXContainerItemProxy section */

/* Begin PBXFileReference section */
		181BC5622A85DE4A005703B0 /* ProductListingView.swift */ = {isa = PBXFileReference; lastKnownFileType = sourcecode.swift; path = ProductListingView.swift; sourceTree = "<group>"; };
		181BC5662A85E0C3005703B0 /* ProductDetailView.swift */ = {isa = PBXFileReference; lastKnownFileType = sourcecode.swift; path = ProductDetailView.swift; sourceTree = "<group>"; };
		181BC56E2A85F862005703B0 /* CheckoutView.swift */ = {isa = PBXFileReference; lastKnownFileType = sourcecode.swift; path = CheckoutView.swift; sourceTree = "<group>"; };
		183C1C812B190A0A003C345C /* ProductViewModel.swift */ = {isa = PBXFileReference; fileEncoding = 4; lastKnownFileType = sourcecode.swift; path = ProductViewModel.swift; sourceTree = "<group>"; };
		18435FF32A82B73900116117 /* Home-Remodel.app */ = {isa = PBXFileReference; explicitFileType = wrapper.application; includeInIndex = 0; path = "Home-Remodel.app"; sourceTree = BUILT_PRODUCTS_DIR; };
		18435FFA2A82B73B00116117 /* Assets.xcassets */ = {isa = PBXFileReference; lastKnownFileType = folder.assetcatalog; path = Assets.xcassets; sourceTree = "<group>"; };
		18435FFD2A82B73B00116117 /* Preview Assets.xcassets */ = {isa = PBXFileReference; lastKnownFileType = folder.assetcatalog; path = "Preview Assets.xcassets"; sourceTree = "<group>"; };
		18435FFF2A82B73B00116117 /* Persistence.swift */ = {isa = PBXFileReference; lastKnownFileType = sourcecode.swift; path = Persistence.swift; sourceTree = "<group>"; };
		184360022A82B73B00116117 /* Home_Remodel.xcdatamodel */ = {isa = PBXFileReference; lastKnownFileType = wrapper.xcdatamodel; path = Home_Remodel.xcdatamodel; sourceTree = "<group>"; };
		184360082A82B73B00116117 /* Home-RemodelTests.xctest */ = {isa = PBXFileReference; explicitFileType = wrapper.cfbundle; includeInIndex = 0; path = "Home-RemodelTests.xctest"; sourceTree = BUILT_PRODUCTS_DIR; };
		1843600C2A82B73B00116117 /* Home_RemodelTests.swift */ = {isa = PBXFileReference; lastKnownFileType = sourcecode.swift; path = Home_RemodelTests.swift; sourceTree = "<group>"; };
		184360122A82B73B00116117 /* Home-RemodelUITests.xctest */ = {isa = PBXFileReference; explicitFileType = wrapper.cfbundle; includeInIndex = 0; path = "Home-RemodelUITests.xctest"; sourceTree = BUILT_PRODUCTS_DIR; };
		184360162A82B73B00116117 /* Home_RemodelUITests.swift */ = {isa = PBXFileReference; lastKnownFileType = sourcecode.swift; path = Home_RemodelUITests.swift; sourceTree = "<group>"; };
		184360182A82B73B00116117 /* Home_RemodelUITestsLaunchTests.swift */ = {isa = PBXFileReference; lastKnownFileType = sourcecode.swift; path = Home_RemodelUITestsLaunchTests.swift; sourceTree = "<group>"; };
		1843602E2A82BA4D00116117 /* HomeRemodelApp.swift */ = {isa = PBXFileReference; fileEncoding = 4; lastKnownFileType = sourcecode.swift; path = HomeRemodelApp.swift; sourceTree = "<group>"; };
		184360322A82BAC500116117 /* InputView.swift */ = {isa = PBXFileReference; fileEncoding = 4; lastKnownFileType = sourcecode.swift; path = InputView.swift; sourceTree = "<group>"; };
		184360362A82BACD00116117 /* SettingsRowView.swift */ = {isa = PBXFileReference; fileEncoding = 4; lastKnownFileType = sourcecode.swift; path = SettingsRowView.swift; sourceTree = "<group>"; };
		1843603A2A82BAE300116117 /* LoginView.swift */ = {isa = PBXFileReference; fileEncoding = 4; lastKnownFileType = sourcecode.swift; path = LoginView.swift; sourceTree = "<group>"; };
		1843603E2A82BAE800116117 /* RegistrationView.swift */ = {isa = PBXFileReference; fileEncoding = 4; lastKnownFileType = sourcecode.swift; path = RegistrationView.swift; sourceTree = "<group>"; };
		184360422A82BAEF00116117 /* ProfileView.swift */ = {isa = PBXFileReference; fileEncoding = 4; lastKnownFileType = sourcecode.swift; path = ProfileView.swift; sourceTree = "<group>"; };
		184360462A82BAF700116117 /* ContentView.swift */ = {isa = PBXFileReference; fileEncoding = 4; lastKnownFileType = sourcecode.swift; path = ContentView.swift; sourceTree = "<group>"; };
		1843604A2A82BAFE00116117 /* User.swift */ = {isa = PBXFileReference; fileEncoding = 4; lastKnownFileType = sourcecode.swift; path = User.swift; sourceTree = "<group>"; };
		1843604E2A82BC2B00116117 /* PlayfairDisplay-Regular.ttf */ = {isa = PBXFileReference; lastKnownFileType = file; path = "PlayfairDisplay-Regular.ttf"; sourceTree = "<group>"; };
		1843604F2A82BC2B00116117 /* PlayfairDisplay-Bold.ttf */ = {isa = PBXFileReference; lastKnownFileType = file; path = "PlayfairDisplay-Bold.ttf"; sourceTree = "<group>"; };
		184360522A82CE4400116117 /* GoogleService-Info.plist */ = {isa = PBXFileReference; lastKnownFileType = text.plist; path = "GoogleService-Info.plist"; sourceTree = SOURCE_ROOT; };
		187A80DA2B18D7FC00EA8E75 /* Product.swift */ = {isa = PBXFileReference; lastKnownFileType = sourcecode.swift; path = Product.swift; sourceTree = "<group>"; };
		187A80DF2B18DA5400EA8E75 /* FavoritesView.swift */ = {isa = PBXFileReference; lastKnownFileType = sourcecode.swift; path = FavoritesView.swift; sourceTree = "<group>"; };
		18AE0A1C2A83606E004DA0D2 /* HomeScreenView.swift */ = {isa = PBXFileReference; lastKnownFileType = sourcecode.swift; path = HomeScreenView.swift; sourceTree = "<group>"; };
		18BE31B42B18B9C100F6CB07 /* BottomNavBar.swift */ = {isa = PBXFileReference; lastKnownFileType = sourcecode.swift; path = BottomNavBar.swift; sourceTree = "<group>"; };
		18EC50932A82D3A4008BDEC9 /* AuthViewModel.swift */ = {isa = PBXFileReference; lastKnownFileType = sourcecode.swift; path = AuthViewModel.swift; sourceTree = "<group>"; };
		18EC50972A8358D4008BDEC9 /* Info.plist */ = {isa = PBXFileReference; lastKnownFileType = text.plist; path = Info.plist; sourceTree = "<group>"; };
		EC0821542B197E4C0056CE85 /* QuoteView.swift */ = {isa = PBXFileReference; lastKnownFileType = sourcecode.swift; path = QuoteView.swift; sourceTree = "<group>"; };
		EC2817C52B1960E5003F16E7 /* Launch Screen.storyboard */ = {isa = PBXFileReference; fileEncoding = 4; lastKnownFileType = file.storyboard; name = "Launch Screen.storyboard"; path = "../../../../../Desktop/Launch Screen.storyboard"; sourceTree = "<group>"; };
		EC2817D52B196860003F16E7 /* New Group */ = {isa = PBXFileReference; lastKnownFileType = folder; path = "New Group"; sourceTree = "<group>"; };
		EC2817D72B196F3D003F16E7 /* WelcomeView.swift */ = {isa = PBXFileReference; fileEncoding = 4; lastKnownFileType = sourcecode.swift; path = WelcomeView.swift; sourceTree = "<group>"; };
		EC2817D92B196F88003F16E7 /* RoundButton.swift */ = {isa = PBXFileReference; fileEncoding = 4; lastKnownFileType = sourcecode.swift; path = RoundButton.swift; sourceTree = "<group>"; };
		EC2817DD2B1972CC003F16E7 /* UIExtension.swift */ = {isa = PBXFileReference; fileEncoding = 4; lastKnownFileType = sourcecode.swift; path = UIExtension.swift; sourceTree = "<group>"; };
/* End PBXFileReference section */

/* Begin PBXFrameworksBuildPhase section */
		18435FF02A82B73900116117 /* Frameworks */ = {
			isa = PBXFrameworksBuildPhase;
			buildActionMask = 2147483647;
			files = (
				184360582A82D0B700116117 /* FirebaseAppCheck in Frameworks */,
				18BE31A52B18A4CC00F6CB07 /* CountryPicker in Frameworks */,
				1843605A2A82D0B700116117 /* FirebaseAuth in Frameworks */,
				1843605C2A82D0B700116117 /* FirebaseFirestore in Frameworks */,
				184360602A82D0B700116117 /* FirebaseStorage in Frameworks */,
				1843605E2A82D0B700116117 /* FirebaseFirestoreSwift in Frameworks */,
			);
			runOnlyForDeploymentPostprocessing = 0;
		};
		184360052A82B73B00116117 /* Frameworks */ = {
			isa = PBXFrameworksBuildPhase;
			buildActionMask = 2147483647;
			files = (
			);
			runOnlyForDeploymentPostprocessing = 0;
		};
		1843600F2A82B73B00116117 /* Frameworks */ = {
			isa = PBXFrameworksBuildPhase;
			buildActionMask = 2147483647;
			files = (
			);
			runOnlyForDeploymentPostprocessing = 0;
		};
/* End PBXFrameworksBuildPhase section */

/* Begin PBXGroup section */
		181BC5722A86DEFE005703B0 /* ProductPage */ = {
			isa = PBXGroup;
			children = (
				18BE31A72B18A9F800F6CB07 /* ViewModel */,
				18BE31A62B18A9E900F6CB07 /* View */,
			);
			path = ProductPage;
			sourceTree = "<group>";
		};
		18435FEA2A82B73900116117 = {
			isa = PBXGroup;
			children = (
				18435FF52A82B73900116117 /* Home-Remodel */,
				1843600B2A82B73B00116117 /* Home-RemodelTests */,
				184360152A82B73B00116117 /* Home-RemodelUITests */,
				18435FF42A82B73900116117 /* Products */,
			);
			sourceTree = "<group>";
		};
		18435FF42A82B73900116117 /* Products */ = {
			isa = PBXGroup;
			children = (
				18435FF32A82B73900116117 /* Home-Remodel.app */,
				184360082A82B73B00116117 /* Home-RemodelTests.xctest */,
				184360122A82B73B00116117 /* Home-RemodelUITests.xctest */,
			);
			name = Products;
			sourceTree = "<group>";
		};
		18435FF52A82B73900116117 /* Home-Remodel */ = {
			isa = PBXGroup;
			children = (
				187A80D72B18CB6D00EA8E75 /* View */,
				18EC50972A8358D4008BDEC9 /* Info.plist */,
				1843602D2A82B9A600116117 /* App */,
				184360282A82B8A200116117 /* Components */,
				184360292A82B8B900116117 /* Core */,
				184360262A82B87F00116117 /* Model */,
				184360252A82B84F00116117 /* Fonts */,
				18435FFA2A82B73B00116117 /* Assets.xcassets */,
				184360522A82CE4400116117 /* GoogleService-Info.plist */,
				18435FFF2A82B73B00116117 /* Persistence.swift */,
				184360012A82B73B00116117 /* Home_Remodel.xcdatamodeld */,
				18435FFC2A82B73B00116117 /* Preview Content */,
				18AE0A1C2A83606E004DA0D2 /* HomeScreenView.swift */,
			);
			path = "Home-Remodel";
			sourceTree = "<group>";
		};
		18435FFC2A82B73B00116117 /* Preview Content */ = {
			isa = PBXGroup;
			children = (
				18435FFD2A82B73B00116117 /* Preview Assets.xcassets */,
			);
			path = "Preview Content";
			sourceTree = "<group>";
		};
		1843600B2A82B73B00116117 /* Home-RemodelTests */ = {
			isa = PBXGroup;
			children = (
				1843600C2A82B73B00116117 /* Home_RemodelTests.swift */,
			);
			path = "Home-RemodelTests";
			sourceTree = "<group>";
		};
		184360152A82B73B00116117 /* Home-RemodelUITests */ = {
			isa = PBXGroup;
			children = (
				184360162A82B73B00116117 /* Home_RemodelUITests.swift */,
				184360182A82B73B00116117 /* Home_RemodelUITestsLaunchTests.swift */,
			);
			path = "Home-RemodelUITests";
			sourceTree = "<group>";
		};
		184360252A82B84F00116117 /* Fonts */ = {
			isa = PBXGroup;
			children = (
				1843604F2A82BC2B00116117 /* PlayfairDisplay-Bold.ttf */,
				1843604E2A82BC2B00116117 /* PlayfairDisplay-Regular.ttf */,
			);
			path = Fonts;
			sourceTree = "<group>";
		};
		184360262A82B87F00116117 /* Model */ = {
			isa = PBXGroup;
			children = (
				1843604A2A82BAFE00116117 /* User.swift */,
				187A80DA2B18D7FC00EA8E75 /* Product.swift */,
			);
			path = Model;
			sourceTree = "<group>";
		};
		184360282A82B8A200116117 /* Components */ = {
			isa = PBXGroup;
			children = (
				184360322A82BAC500116117 /* InputView.swift */,
				184360362A82BACD00116117 /* SettingsRowView.swift */,
			);
			path = Components;
			sourceTree = "<group>";
		};
		184360292A82B8B900116117 /* Core */ = {
			isa = PBXGroup;
			children = (
				1843602C2A82B92800116117 /* Root */,
			);
			path = Core;
			sourceTree = "<group>";
		};
		1843602A2A82B8BB00116117 /* Authentication */ = {
			isa = PBXGroup;
			children = (
				184360612A82D20800116117 /* View */,
				184360632A82D21C00116117 /* ViewModel */,
			);
			path = Authentication;
			sourceTree = "<group>";
		};
		1843602B2A82B91300116117 /* Profile */ = {
			isa = PBXGroup;
			children = (
				184360422A82BAEF00116117 /* ProfileView.swift */,
			);
			path = Profile;
			sourceTree = "<group>";
		};
		1843602C2A82B92800116117 /* Root */ = {
			isa = PBXGroup;
			children = (
				EC2817DD2B1972CC003F16E7 /* UIExtension.swift */,
				EC2817D92B196F88003F16E7 /* RoundButton.swift */,
				EC2817D72B196F3D003F16E7 /* WelcomeView.swift */,
				EC2817D52B196860003F16E7 /* New Group */,
				EC2817C52B1960E5003F16E7 /* Launch Screen.storyboard */,
				184360462A82BAF700116117 /* ContentView.swift */,
			);
			path = Root;
			sourceTree = "<group>";
		};
		1843602D2A82B9A600116117 /* App */ = {
			isa = PBXGroup;
			children = (
				1843602E2A82BA4D00116117 /* HomeRemodelApp.swift */,
			);
			path = App;
			sourceTree = "<group>";
		};
		184360612A82D20800116117 /* View */ = {
			isa = PBXGroup;
			children = (
				1843603A2A82BAE300116117 /* LoginView.swift */,
				1843603E2A82BAE800116117 /* RegistrationView.swift */,
			);
			path = View;
			sourceTree = "<group>";
		};
		184360632A82D21C00116117 /* ViewModel */ = {
			isa = PBXGroup;
			children = (
				18EC50932A82D3A4008BDEC9 /* AuthViewModel.swift */,
			);
			path = ViewModel;
			sourceTree = "<group>";
		};
		187A80D72B18CB6D00EA8E75 /* View */ = {
			isa = PBXGroup;
			children = (
				EC0821532B197E3A0056CE85 /* Quote View */,
				187A80DE2B18DA3800EA8E75 /* Favorites */,
				187A80DC2B18D8D800EA8E75 /* Cart */,
				1843602B2A82B91300116117 /* Profile */,
				1843602A2A82B8BB00116117 /* Authentication */,
				181BC5722A86DEFE005703B0 /* ProductPage */,
				18BE31B22B18B98100F6CB07 /* BottomNavBar */,
			);
			path = View;
			sourceTree = "<group>";
		};
		187A80DC2B18D8D800EA8E75 /* Cart */ = {
			isa = PBXGroup;
			children = (
				183C1C812B190A0A003C345C /* ProductViewModel.swift */,
				187A80DD2B18D8DF00EA8E75 /* View */,
			);
			path = Cart;
			sourceTree = "<group>";
		};
		187A80DD2B18D8DF00EA8E75 /* View */ = {
			isa = PBXGroup;
			children = (
				181BC56E2A85F862005703B0 /* CheckoutView.swift */,
			);
			path = View;
			sourceTree = "<group>";
		};
		187A80DE2B18DA3800EA8E75 /* Favorites */ = {
			isa = PBXGroup;
			children = (
				187A80DF2B18DA5400EA8E75 /* FavoritesView.swift */,
			);
			path = Favorites;
			sourceTree = "<group>";
		};
		18BE31A62B18A9E900F6CB07 /* View */ = {
			isa = PBXGroup;
			children = (
				181BC5622A85DE4A005703B0 /* ProductListingView.swift */,
				181BC5662A85E0C3005703B0 /* ProductDetailView.swift */,
			);
			path = View;
			sourceTree = "<group>";
		};
		18BE31A72B18A9F800F6CB07 /* ViewModel */ = {
			isa = PBXGroup;
			children = (
			);
			path = ViewModel;
			sourceTree = "<group>";
		};
		18BE31B22B18B98100F6CB07 /* BottomNavBar */ = {
			isa = PBXGroup;
			children = (
				18BE31B32B18B99100F6CB07 /* View */,
			);
			path = BottomNavBar;
			sourceTree = "<group>";
		};
		18BE31B32B18B99100F6CB07 /* View */ = {
			isa = PBXGroup;
			children = (
				18BE31B42B18B9C100F6CB07 /* BottomNavBar.swift */,
			);
			path = View;
			sourceTree = "<group>";
		};
		EC0821532B197E3A0056CE85 /* Quote View */ = {
			isa = PBXGroup;
			children = (
				EC0821542B197E4C0056CE85 /* QuoteView.swift */,
			);
			path = "Quote View";
			sourceTree = "<group>";
		};
/* End PBXGroup section */

/* Begin PBXNativeTarget section */
		18435FF22A82B73900116117 /* Home-Remodel */ = {
			isa = PBXNativeTarget;
			buildConfigurationList = 1843601C2A82B73B00116117 /* Build configuration list for PBXNativeTarget "Home-Remodel" */;
			buildPhases = (
				18435FEF2A82B73900116117 /* Sources */,
				18435FF02A82B73900116117 /* Frameworks */,
				18435FF12A82B73900116117 /* Resources */,
			);
			buildRules = (
			);
			dependencies = (
			);
			name = "Home-Remodel";
			packageProductDependencies = (
				184360572A82D0B700116117 /* FirebaseAppCheck */,
				184360592A82D0B700116117 /* FirebaseAuth */,
				1843605B2A82D0B700116117 /* FirebaseFirestore */,
				1843605D2A82D0B700116117 /* FirebaseFirestoreSwift */,
				1843605F2A82D0B700116117 /* FirebaseStorage */,
				18BE31A42B18A4CC00F6CB07 /* CountryPicker */,
			);
			productName = "Home-Remodel";
			productReference = 18435FF32A82B73900116117 /* Home-Remodel.app */;
			productType = "com.apple.product-type.application";
		};
		184360072A82B73B00116117 /* Home-RemodelTests */ = {
			isa = PBXNativeTarget;
			buildConfigurationList = 1843601F2A82B73B00116117 /* Build configuration list for PBXNativeTarget "Home-RemodelTests" */;
			buildPhases = (
				184360042A82B73B00116117 /* Sources */,
				184360052A82B73B00116117 /* Frameworks */,
				184360062A82B73B00116117 /* Resources */,
			);
			buildRules = (
			);
			dependencies = (
				1843600A2A82B73B00116117 /* PBXTargetDependency */,
			);
			name = "Home-RemodelTests";
			productName = "Home-RemodelTests";
			productReference = 184360082A82B73B00116117 /* Home-RemodelTests.xctest */;
			productType = "com.apple.product-type.bundle.unit-test";
		};
		184360112A82B73B00116117 /* Home-RemodelUITests */ = {
			isa = PBXNativeTarget;
			buildConfigurationList = 184360222A82B73B00116117 /* Build configuration list for PBXNativeTarget "Home-RemodelUITests" */;
			buildPhases = (
				1843600E2A82B73B00116117 /* Sources */,
				1843600F2A82B73B00116117 /* Frameworks */,
				184360102A82B73B00116117 /* Resources */,
			);
			buildRules = (
			);
			dependencies = (
				184360142A82B73B00116117 /* PBXTargetDependency */,
			);
			name = "Home-RemodelUITests";
			productName = "Home-RemodelUITests";
			productReference = 184360122A82B73B00116117 /* Home-RemodelUITests.xctest */;
			productType = "com.apple.product-type.bundle.ui-testing";
		};
/* End PBXNativeTarget section */

/* Begin PBXProject section */
		18435FEB2A82B73900116117 /* Project object */ = {
			isa = PBXProject;
			attributes = {
				BuildIndependentTargetsInParallel = 1;
				LastSwiftUpdateCheck = 1420;
				LastUpgradeCheck = 1500;
				TargetAttributes = {
					18435FF22A82B73900116117 = {
						CreatedOnToolsVersion = 14.2;
					};
					184360072A82B73B00116117 = {
						CreatedOnToolsVersion = 14.2;
						TestTargetID = 18435FF22A82B73900116117;
					};
					184360112A82B73B00116117 = {
						CreatedOnToolsVersion = 14.2;
						TestTargetID = 18435FF22A82B73900116117;
					};
				};
			};
			buildConfigurationList = 18435FEE2A82B73900116117 /* Build configuration list for PBXProject "Home-Remodel" */;
			compatibilityVersion = "Xcode 14.0";
			developmentRegion = en;
			hasScannedForEncodings = 0;
			knownRegions = (
				en,
				Base,
			);
			mainGroup = 18435FEA2A82B73900116117;
			packageReferences = (
				184360562A82D0B700116117 /* XCRemoteSwiftPackageReference "firebase-ios-sdk" */,
				18BE31A32B18A4CB00F6CB07 /* XCRemoteSwiftPackageReference "CountryPicker" */,
			);
			productRefGroup = 18435FF42A82B73900116117 /* Products */;
			projectDirPath = "";
			projectRoot = "";
			targets = (
				18435FF22A82B73900116117 /* Home-Remodel */,
				184360072A82B73B00116117 /* Home-RemodelTests */,
				184360112A82B73B00116117 /* Home-RemodelUITests */,
			);
		};
/* End PBXProject section */

/* Begin PBXResourcesBuildPhase section */
		18435FF12A82B73900116117 /* Resources */ = {
			isa = PBXResourcesBuildPhase;
			buildActionMask = 2147483647;
			files = (
				184360512A82BC2B00116117 /* PlayfairDisplay-Bold.ttf in Resources */,
				18435FFE2A82B73B00116117 /* Preview Assets.xcassets in Resources */,
				184360532A82CE4400116117 /* GoogleService-Info.plist in Resources */,
				EC2817D62B196860003F16E7 /* New Group in Resources */,
				18435FFB2A82B73B00116117 /* Assets.xcassets in Resources */,
				184360502A82BC2B00116117 /* PlayfairDisplay-Regular.ttf in Resources */,
				EC2817C62B1960E6003F16E7 /* Launch Screen.storyboard in Resources */,
			);
			runOnlyForDeploymentPostprocessing = 0;
		};
		184360062A82B73B00116117 /* Resources */ = {
			isa = PBXResourcesBuildPhase;
			buildActionMask = 2147483647;
			files = (
				184360542A82CE4400116117 /* GoogleService-Info.plist in Resources */,
			);
			runOnlyForDeploymentPostprocessing = 0;
		};
		184360102A82B73B00116117 /* Resources */ = {
			isa = PBXResourcesBuildPhase;
			buildActionMask = 2147483647;
			files = (
				184360552A82CE4400116117 /* GoogleService-Info.plist in Resources */,
			);
			runOnlyForDeploymentPostprocessing = 0;
		};
/* End PBXResourcesBuildPhase section */

/* Begin PBXSourcesBuildPhase section */
		18435FEF2A82B73900116117 /* Sources */ = {
			isa = PBXSourcesBuildPhase;
			buildActionMask = 2147483647;
			files = (
				184360432A82BAEF00116117 /* ProfileView.swift in Sources */,
				18BE31B52B18B9C100F6CB07 /* BottomNavBar.swift in Sources */,
				181BC5672A85E0C3005703B0 /* ProductDetailView.swift in Sources */,
				181BC56F2A85F862005703B0 /* CheckoutView.swift in Sources */,
				1843603B2A82BAE300116117 /* LoginView.swift in Sources */,
				1843602F2A82BA4D00116117 /* HomeRemodelApp.swift in Sources */,
				EC0821552B197E4C0056CE85 /* QuoteView.swift in Sources */,
				18AE0A1D2A83606E004DA0D2 /* HomeScreenView.swift in Sources */,
				184360332A82BAC500116117 /* InputView.swift in Sources */,
				1843603F2A82BAE800116117 /* RegistrationView.swift in Sources */,
				EC2817DE2B1972CC003F16E7 /* UIExtension.swift in Sources */,
				EC2817DA2B196F88003F16E7 /* RoundButton.swift in Sources */,
				184360472A82BAF700116117 /* ContentView.swift in Sources */,
				187A80DB2B18D7FC00EA8E75 /* Product.swift in Sources */,
				181BC5632A85DE4A005703B0 /* ProductListingView.swift in Sources */,
				184360372A82BACD00116117 /* SettingsRowView.swift in Sources */,
				183C1C822B190A0A003C345C /* ProductViewModel.swift in Sources */,
				18EC50942A82D3A4008BDEC9 /* AuthViewModel.swift in Sources */,
				EC2817D82B196F3E003F16E7 /* WelcomeView.swift in Sources */,
				184360002A82B73B00116117 /* Persistence.swift in Sources */,
				1843604B2A82BAFE00116117 /* User.swift in Sources */,
				184360032A82B73B00116117 /* Home_Remodel.xcdatamodeld in Sources */,
				187A80E02B18DA5400EA8E75 /* FavoritesView.swift in Sources */,
			);
			runOnlyForDeploymentPostprocessing = 0;
		};
		184360042A82B73B00116117 /* Sources */ = {
			isa = PBXSourcesBuildPhase;
			buildActionMask = 2147483647;
			files = (
				18EC50952A82D3A4008BDEC9 /* AuthViewModel.swift in Sources */,
				181BC5642A85DE4A005703B0 /* ProductListingView.swift in Sources */,
				184360382A82BACD00116117 /* SettingsRowView.swift in Sources */,
				184360342A82BAC500116117 /* InputView.swift in Sources */,
				184360482A82BAF700116117 /* ContentView.swift in Sources */,
				1843600D2A82B73B00116117 /* Home_RemodelTests.swift in Sources */,
				184360402A82BAE800116117 /* RegistrationView.swift in Sources */,
				1843604C2A82BAFE00116117 /* User.swift in Sources */,
				18AE0A1E2A83606E004DA0D2 /* HomeScreenView.swift in Sources */,
				1843603C2A82BAE300116117 /* LoginView.swift in Sources */,
				181BC5702A85F862005703B0 /* CheckoutView.swift in Sources */,
				181BC5682A85E0C3005703B0 /* ProductDetailView.swift in Sources */,
				184360442A82BAEF00116117 /* ProfileView.swift in Sources */,
				184360302A82BA4D00116117 /* HomeRemodelApp.swift in Sources */,
			);
			runOnlyForDeploymentPostprocessing = 0;
		};
		1843600E2A82B73B00116117 /* Sources */ = {
			isa = PBXSourcesBuildPhase;
			buildActionMask = 2147483647;
			files = (
				184360452A82BAEF00116117 /* ProfileView.swift in Sources */,
				181BC5692A85E0C3005703B0 /* ProductDetailView.swift in Sources */,
				181BC5712A85F862005703B0 /* CheckoutView.swift in Sources */,
				1843603D2A82BAE300116117 /* LoginView.swift in Sources */,
				184360312A82BA4D00116117 /* HomeRemodelApp.swift in Sources */,
				18AE0A1F2A83606E004DA0D2 /* HomeScreenView.swift in Sources */,
				184360352A82BAC500116117 /* InputView.swift in Sources */,
				184360412A82BAE800116117 /* RegistrationView.swift in Sources */,
				184360492A82BAF700116117 /* ContentView.swift in Sources */,
				181BC5652A85DE4A005703B0 /* ProductListingView.swift in Sources */,
				184360392A82BACD00116117 /* SettingsRowView.swift in Sources */,
				18EC50962A82D3A4008BDEC9 /* AuthViewModel.swift in Sources */,
				184360192A82B73B00116117 /* Home_RemodelUITestsLaunchTests.swift in Sources */,
				1843604D2A82BAFE00116117 /* User.swift in Sources */,
				184360172A82B73B00116117 /* Home_RemodelUITests.swift in Sources */,
			);
			runOnlyForDeploymentPostprocessing = 0;
		};
/* End PBXSourcesBuildPhase section */

/* Begin PBXTargetDependency section */
		1843600A2A82B73B00116117 /* PBXTargetDependency */ = {
			isa = PBXTargetDependency;
			target = 18435FF22A82B73900116117 /* Home-Remodel */;
			targetProxy = 184360092A82B73B00116117 /* PBXContainerItemProxy */;
		};
		184360142A82B73B00116117 /* PBXTargetDependency */ = {
			isa = PBXTargetDependency;
			target = 18435FF22A82B73900116117 /* Home-Remodel */;
			targetProxy = 184360132A82B73B00116117 /* PBXContainerItemProxy */;
		};
/* End PBXTargetDependency section */

/* Begin XCBuildConfiguration section */
		1843601A2A82B73B00116117 /* Debug */ = {
			isa = XCBuildConfiguration;
			buildSettings = {
				ALWAYS_SEARCH_USER_PATHS = NO;
				CLANG_ANALYZER_NONNULL = YES;
				CLANG_ANALYZER_NUMBER_OBJECT_CONVERSION = YES_AGGRESSIVE;
				CLANG_CXX_LANGUAGE_STANDARD = "gnu++20";
				CLANG_ENABLE_MODULES = YES;
				CLANG_ENABLE_OBJC_ARC = YES;
				CLANG_ENABLE_OBJC_WEAK = YES;
				CLANG_WARN_BLOCK_CAPTURE_AUTORELEASING = YES;
				CLANG_WARN_BOOL_CONVERSION = YES;
				CLANG_WARN_COMMA = YES;
				CLANG_WARN_CONSTANT_CONVERSION = YES;
				CLANG_WARN_DEPRECATED_OBJC_IMPLEMENTATIONS = YES;
				CLANG_WARN_DIRECT_OBJC_ISA_USAGE = YES_ERROR;
				CLANG_WARN_DOCUMENTATION_COMMENTS = YES;
				CLANG_WARN_EMPTY_BODY = YES;
				CLANG_WARN_ENUM_CONVERSION = YES;
				CLANG_WARN_INFINITE_RECURSION = YES;
				CLANG_WARN_INT_CONVERSION = YES;
				CLANG_WARN_NON_LITERAL_NULL_CONVERSION = YES;
				CLANG_WARN_OBJC_IMPLICIT_RETAIN_SELF = YES;
				CLANG_WARN_OBJC_LITERAL_CONVERSION = YES;
				CLANG_WARN_OBJC_ROOT_CLASS = YES_ERROR;
				CLANG_WARN_QUOTED_INCLUDE_IN_FRAMEWORK_HEADER = YES;
				CLANG_WARN_RANGE_LOOP_ANALYSIS = YES;
				CLANG_WARN_STRICT_PROTOTYPES = YES;
				CLANG_WARN_SUSPICIOUS_MOVE = YES;
				CLANG_WARN_UNGUARDED_AVAILABILITY = YES_AGGRESSIVE;
				CLANG_WARN_UNREACHABLE_CODE = YES;
				CLANG_WARN__DUPLICATE_METHOD_MATCH = YES;
				COPY_PHASE_STRIP = NO;
				DEBUG_INFORMATION_FORMAT = dwarf;
				ENABLE_STRICT_OBJC_MSGSEND = YES;
				ENABLE_TESTABILITY = YES;
				ENABLE_USER_SCRIPT_SANDBOXING = YES;
				GCC_C_LANGUAGE_STANDARD = gnu11;
				GCC_DYNAMIC_NO_PIC = NO;
				GCC_NO_COMMON_BLOCKS = YES;
				GCC_OPTIMIZATION_LEVEL = 0;
				GCC_PREPROCESSOR_DEFINITIONS = (
					"DEBUG=1",
					"$(inherited)",
				);
				GCC_WARN_64_TO_32_BIT_CONVERSION = YES;
				GCC_WARN_ABOUT_RETURN_TYPE = YES_ERROR;
				GCC_WARN_UNDECLARED_SELECTOR = YES;
				GCC_WARN_UNINITIALIZED_AUTOS = YES_AGGRESSIVE;
				GCC_WARN_UNUSED_FUNCTION = YES;
				GCC_WARN_UNUSED_VARIABLE = YES;
				IPHONEOS_DEPLOYMENT_TARGET = 16.2;
				MTL_ENABLE_DEBUG_INFO = INCLUDE_SOURCE;
				MTL_FAST_MATH = YES;
				ONLY_ACTIVE_ARCH = YES;
				SDKROOT = iphoneos;
				SWIFT_ACTIVE_COMPILATION_CONDITIONS = DEBUG;
				SWIFT_OPTIMIZATION_LEVEL = "-Onone";
			};
			name = Debug;
		};
		1843601B2A82B73B00116117 /* Release */ = {
			isa = XCBuildConfiguration;
			buildSettings = {
				ALWAYS_SEARCH_USER_PATHS = NO;
				CLANG_ANALYZER_NONNULL = YES;
				CLANG_ANALYZER_NUMBER_OBJECT_CONVERSION = YES_AGGRESSIVE;
				CLANG_CXX_LANGUAGE_STANDARD = "gnu++20";
				CLANG_ENABLE_MODULES = YES;
				CLANG_ENABLE_OBJC_ARC = YES;
				CLANG_ENABLE_OBJC_WEAK = YES;
				CLANG_WARN_BLOCK_CAPTURE_AUTORELEASING = YES;
				CLANG_WARN_BOOL_CONVERSION = YES;
				CLANG_WARN_COMMA = YES;
				CLANG_WARN_CONSTANT_CONVERSION = YES;
				CLANG_WARN_DEPRECATED_OBJC_IMPLEMENTATIONS = YES;
				CLANG_WARN_DIRECT_OBJC_ISA_USAGE = YES_ERROR;
				CLANG_WARN_DOCUMENTATION_COMMENTS = YES;
				CLANG_WARN_EMPTY_BODY = YES;
				CLANG_WARN_ENUM_CONVERSION = YES;
				CLANG_WARN_INFINITE_RECURSION = YES;
				CLANG_WARN_INT_CONVERSION = YES;
				CLANG_WARN_NON_LITERAL_NULL_CONVERSION = YES;
				CLANG_WARN_OBJC_IMPLICIT_RETAIN_SELF = YES;
				CLANG_WARN_OBJC_LITERAL_CONVERSION = YES;
				CLANG_WARN_OBJC_ROOT_CLASS = YES_ERROR;
				CLANG_WARN_QUOTED_INCLUDE_IN_FRAMEWORK_HEADER = YES;
				CLANG_WARN_RANGE_LOOP_ANALYSIS = YES;
				CLANG_WARN_STRICT_PROTOTYPES = YES;
				CLANG_WARN_SUSPICIOUS_MOVE = YES;
				CLANG_WARN_UNGUARDED_AVAILABILITY = YES_AGGRESSIVE;
				CLANG_WARN_UNREACHABLE_CODE = YES;
				CLANG_WARN__DUPLICATE_METHOD_MATCH = YES;
				COPY_PHASE_STRIP = NO;
				DEBUG_INFORMATION_FORMAT = "dwarf-with-dsym";
				ENABLE_NS_ASSERTIONS = NO;
				ENABLE_STRICT_OBJC_MSGSEND = YES;
				ENABLE_USER_SCRIPT_SANDBOXING = YES;
				GCC_C_LANGUAGE_STANDARD = gnu11;
				GCC_NO_COMMON_BLOCKS = YES;
				GCC_WARN_64_TO_32_BIT_CONVERSION = YES;
				GCC_WARN_ABOUT_RETURN_TYPE = YES_ERROR;
				GCC_WARN_UNDECLARED_SELECTOR = YES;
				GCC_WARN_UNINITIALIZED_AUTOS = YES_AGGRESSIVE;
				GCC_WARN_UNUSED_FUNCTION = YES;
				GCC_WARN_UNUSED_VARIABLE = YES;
				IPHONEOS_DEPLOYMENT_TARGET = 16.2;
				MTL_ENABLE_DEBUG_INFO = NO;
				MTL_FAST_MATH = YES;
				SDKROOT = iphoneos;
				SWIFT_COMPILATION_MODE = wholemodule;
				SWIFT_OPTIMIZATION_LEVEL = "-O";
				VALIDATE_PRODUCT = YES;
			};
			name = Release;
		};
		1843601D2A82B73B00116117 /* Debug */ = {
			isa = XCBuildConfiguration;
			buildSettings = {
				ASSETCATALOG_COMPILER_APPICON_NAME = AppIcon;
				ASSETCATALOG_COMPILER_GLOBAL_ACCENT_COLOR_NAME = AccentColor;
				CODE_SIGN_STYLE = Automatic;
				CURRENT_PROJECT_VERSION = 1;
				DEVELOPMENT_ASSET_PATHS = "\"Home-Remodel/Preview Content\"";
				DEVELOPMENT_TEAM = 38RN2A868L;
				ENABLE_PREVIEWS = YES;
				GENERATE_INFOPLIST_FILE = YES;
				INFOPLIST_FILE = "Home-Remodel/Info.plist";
				INFOPLIST_KEY_UIApplicationSceneManifest_Generation = YES;
				INFOPLIST_KEY_UIApplicationSupportsIndirectInputEvents = YES;
				INFOPLIST_KEY_UILaunchScreen_Generation = YES;
				INFOPLIST_KEY_UILaunchStoryboardName = "Launch Screen.storyboard";
				INFOPLIST_KEY_UISupportedInterfaceOrientations_iPad = "UIInterfaceOrientationPortrait UIInterfaceOrientationPortraitUpsideDown UIInterfaceOrientationLandscapeLeft UIInterfaceOrientationLandscapeRight";
				INFOPLIST_KEY_UISupportedInterfaceOrientations_iPhone = "UIInterfaceOrientationPortrait UIInterfaceOrientationLandscapeLeft UIInterfaceOrientationLandscapeRight";
				LD_RUNPATH_SEARCH_PATHS = (
					"$(inherited)",
					"@executable_path/Frameworks",
				);
				MARKETING_VERSION = 1.0;
				PRODUCT_BUNDLE_IDENTIFIER = "com.aaryaneilnimbalkar.Home-Remodel1";
				PRODUCT_NAME = "$(TARGET_NAME)";
				SWIFT_EMIT_LOC_STRINGS = YES;
				SWIFT_VERSION = 5.0;
				TARGETED_DEVICE_FAMILY = "1,2";
			};
			name = Debug;
		};
		1843601E2A82B73B00116117 /* Release */ = {
			isa = XCBuildConfiguration;
			buildSettings = {
				ASSETCATALOG_COMPILER_APPICON_NAME = AppIcon;
				ASSETCATALOG_COMPILER_GLOBAL_ACCENT_COLOR_NAME = AccentColor;
				CODE_SIGN_STYLE = Automatic;
				CURRENT_PROJECT_VERSION = 1;
				DEVELOPMENT_ASSET_PATHS = "\"Home-Remodel/Preview Content\"";
				DEVELOPMENT_TEAM = 38RN2A868L;
				ENABLE_PREVIEWS = YES;
				GENERATE_INFOPLIST_FILE = YES;
				INFOPLIST_FILE = "Home-Remodel/Info.plist";
				INFOPLIST_KEY_UIApplicationSceneManifest_Generation = YES;
				INFOPLIST_KEY_UIApplicationSupportsIndirectInputEvents = YES;
				INFOPLIST_KEY_UILaunchScreen_Generation = YES;
				INFOPLIST_KEY_UILaunchStoryboardName = "Launch Screen.storyboard";
				INFOPLIST_KEY_UISupportedInterfaceOrientations_iPad = "UIInterfaceOrientationPortrait UIInterfaceOrientationPortraitUpsideDown UIInterfaceOrientationLandscapeLeft UIInterfaceOrientationLandscapeRight";
				INFOPLIST_KEY_UISupportedInterfaceOrientations_iPhone = "UIInterfaceOrientationPortrait UIInterfaceOrientationLandscapeLeft UIInterfaceOrientationLandscapeRight";
				LD_RUNPATH_SEARCH_PATHS = (
					"$(inherited)",
					"@executable_path/Frameworks",
				);
				MARKETING_VERSION = 1.0;
				PRODUCT_BUNDLE_IDENTIFIER = "com.aaryaneilnimbalkar.Home-Remodel1";
				PRODUCT_NAME = "$(TARGET_NAME)";
				SWIFT_EMIT_LOC_STRINGS = YES;
				SWIFT_VERSION = 5.0;
				TARGETED_DEVICE_FAMILY = "1,2";
			};
			name = Release;
		};
		184360202A82B73B00116117 /* Debug */ = {
			isa = XCBuildConfiguration;
			buildSettings = {
				ALWAYS_EMBED_SWIFT_STANDARD_LIBRARIES = YES;
				BUNDLE_LOADER = "$(TEST_HOST)";
				CODE_SIGN_STYLE = Automatic;
				CURRENT_PROJECT_VERSION = 1;
				DEVELOPMENT_TEAM = UUB543U8W9;
				GENERATE_INFOPLIST_FILE = YES;
				IPHONEOS_DEPLOYMENT_TARGET = 16.2;
				MARKETING_VERSION = 1.0;
				PRODUCT_BUNDLE_IDENTIFIER = "com.aaryaneilnimbalkar.Home-RemodelTests";
				PRODUCT_NAME = "$(TARGET_NAME)";
				SWIFT_EMIT_LOC_STRINGS = NO;
				SWIFT_VERSION = 5.0;
				TARGETED_DEVICE_FAMILY = "1,2";
				TEST_HOST = "$(BUILT_PRODUCTS_DIR)/Home-Remodel.app/$(BUNDLE_EXECUTABLE_FOLDER_PATH)/Home-Remodel";
			};
			name = Debug;
		};
		184360212A82B73B00116117 /* Release */ = {
			isa = XCBuildConfiguration;
			buildSettings = {
				ALWAYS_EMBED_SWIFT_STANDARD_LIBRARIES = YES;
				BUNDLE_LOADER = "$(TEST_HOST)";
				CODE_SIGN_STYLE = Automatic;
				CURRENT_PROJECT_VERSION = 1;
				DEVELOPMENT_TEAM = UUB543U8W9;
				GENERATE_INFOPLIST_FILE = YES;
				IPHONEOS_DEPLOYMENT_TARGET = 16.2;
				MARKETING_VERSION = 1.0;
				PRODUCT_BUNDLE_IDENTIFIER = "com.aaryaneilnimbalkar.Home-RemodelTests";
				PRODUCT_NAME = "$(TARGET_NAME)";
				SWIFT_EMIT_LOC_STRINGS = NO;
				SWIFT_VERSION = 5.0;
				TARGETED_DEVICE_FAMILY = "1,2";
				TEST_HOST = "$(BUILT_PRODUCTS_DIR)/Home-Remodel.app/$(BUNDLE_EXECUTABLE_FOLDER_PATH)/Home-Remodel";
			};
			name = Release;
		};
		184360232A82B73B00116117 /* Debug */ = {
			isa = XCBuildConfiguration;
			buildSettings = {
				ALWAYS_EMBED_SWIFT_STANDARD_LIBRARIES = YES;
				CODE_SIGN_STYLE = Automatic;
				CURRENT_PROJECT_VERSION = 1;
				DEVELOPMENT_TEAM = UUB543U8W9;
				GENERATE_INFOPLIST_FILE = YES;
				MARKETING_VERSION = 1.0;
				PRODUCT_BUNDLE_IDENTIFIER = "com.aaryaneilnimbalkar.Home-RemodelUITests";
				PRODUCT_NAME = "$(TARGET_NAME)";
				SWIFT_EMIT_LOC_STRINGS = NO;
				SWIFT_VERSION = 5.0;
				TARGETED_DEVICE_FAMILY = "1,2";
				TEST_TARGET_NAME = "Home-Remodel";
			};
			name = Debug;
		};
		184360242A82B73B00116117 /* Release */ = {
			isa = XCBuildConfiguration;
			buildSettings = {
				ALWAYS_EMBED_SWIFT_STANDARD_LIBRARIES = YES;
				CODE_SIGN_STYLE = Automatic;
				CURRENT_PROJECT_VERSION = 1;
				DEVELOPMENT_TEAM = UUB543U8W9;
				GENERATE_INFOPLIST_FILE = YES;
				MARKETING_VERSION = 1.0;
				PRODUCT_BUNDLE_IDENTIFIER = "com.aaryaneilnimbalkar.Home-RemodelUITests";
				PRODUCT_NAME = "$(TARGET_NAME)";
				SWIFT_EMIT_LOC_STRINGS = NO;
				SWIFT_VERSION = 5.0;
				TARGETED_DEVICE_FAMILY = "1,2";
				TEST_TARGET_NAME = "Home-Remodel";
			};
			name = Release;
		};
/* End XCBuildConfiguration section */

/* Begin XCConfigurationList section */
		18435FEE2A82B73900116117 /* Build configuration list for PBXProject "Home-Remodel" */ = {
			isa = XCConfigurationList;
			buildConfigurations = (
				1843601A2A82B73B00116117 /* Debug */,
				1843601B2A82B73B00116117 /* Release */,
			);
			defaultConfigurationIsVisible = 0;
			defaultConfigurationName = Release;
		};
		1843601C2A82B73B00116117 /* Build configuration list for PBXNativeTarget "Home-Remodel" */ = {
			isa = XCConfigurationList;
			buildConfigurations = (
				1843601D2A82B73B00116117 /* Debug */,
				1843601E2A82B73B00116117 /* Release */,
			);
			defaultConfigurationIsVisible = 0;
			defaultConfigurationName = Release;
		};
		1843601F2A82B73B00116117 /* Build configuration list for PBXNativeTarget "Home-RemodelTests" */ = {
			isa = XCConfigurationList;
			buildConfigurations = (
				184360202A82B73B00116117 /* Debug */,
				184360212A82B73B00116117 /* Release */,
			);
			defaultConfigurationIsVisible = 0;
			defaultConfigurationName = Release;
		};
		184360222A82B73B00116117 /* Build configuration list for PBXNativeTarget "Home-RemodelUITests" */ = {
			isa = XCConfigurationList;
			buildConfigurations = (
				184360232A82B73B00116117 /* Debug */,
				184360242A82B73B00116117 /* Release */,
			);
			defaultConfigurationIsVisible = 0;
			defaultConfigurationName = Release;
		};
/* End XCConfigurationList section */

/* Begin XCRemoteSwiftPackageReference section */
		184360562A82D0B700116117 /* XCRemoteSwiftPackageReference "firebase-ios-sdk" */ = {
			isa = XCRemoteSwiftPackageReference;
			repositoryURL = "https://github.com/firebase/firebase-ios-sdk";
			requirement = {
				kind = upToNextMajorVersion;
				minimumVersion = 10.0.0;
			};
		};
		18BE31A32B18A4CB00F6CB07 /* XCRemoteSwiftPackageReference "CountryPicker" */ = {
			isa = XCRemoteSwiftPackageReference;
			repositoryURL = "https://github.com/mobven/CountryPicker";
			requirement = {
				kind = upToNextMajorVersion;
				minimumVersion = 2.0.3;
			};
		};
/* End XCRemoteSwiftPackageReference section */

/* Begin XCSwiftPackageProductDependency section */
		184360572A82D0B700116117 /* FirebaseAppCheck */ = {
			isa = XCSwiftPackageProductDependency;
			package = 184360562A82D0B700116117 /* XCRemoteSwiftPackageReference "firebase-ios-sdk" */;
			productName = FirebaseAppCheck;
		};
		184360592A82D0B700116117 /* FirebaseAuth */ = {
			isa = XCSwiftPackageProductDependency;
			package = 184360562A82D0B700116117 /* XCRemoteSwiftPackageReference "firebase-ios-sdk" */;
			productName = FirebaseAuth;
		};
		1843605B2A82D0B700116117 /* FirebaseFirestore */ = {
			isa = XCSwiftPackageProductDependency;
			package = 184360562A82D0B700116117 /* XCRemoteSwiftPackageReference "firebase-ios-sdk" */;
			productName = FirebaseFirestore;
		};
		1843605D2A82D0B700116117 /* FirebaseFirestoreSwift */ = {
			isa = XCSwiftPackageProductDependency;
			package = 184360562A82D0B700116117 /* XCRemoteSwiftPackageReference "firebase-ios-sdk" */;
			productName = FirebaseFirestoreSwift;
		};
		1843605F2A82D0B700116117 /* FirebaseStorage */ = {
			isa = XCSwiftPackageProductDependency;
			package = 184360562A82D0B700116117 /* XCRemoteSwiftPackageReference "firebase-ios-sdk" */;
			productName = FirebaseStorage;
		};
		18BE31A42B18A4CC00F6CB07 /* CountryPicker */ = {
			isa = XCSwiftPackageProductDependency;
			package = 18BE31A32B18A4CB00F6CB07 /* XCRemoteSwiftPackageReference "CountryPicker" */;
			productName = CountryPicker;
		};
/* End XCSwiftPackageProductDependency section */

/* Begin XCVersionGroup section */
		184360012A82B73B00116117 /* Home_Remodel.xcdatamodeld */ = {
			isa = XCVersionGroup;
			children = (
				184360022A82B73B00116117 /* Home_Remodel.xcdatamodel */,
			);
			currentVersion = 184360022A82B73B00116117 /* Home_Remodel.xcdatamodel */;
			path = Home_Remodel.xcdatamodeld;
			sourceTree = "<group>";
			versionGroupType = wrapper.xcdatamodel;
		};
/* End XCVersionGroup section */
	};
	rootObject = 18435FEB2A82B73900116117 /* Project object */;
}
